
Microsoft Visual Studio Solution File, Format Version 12.00
# Visual Studio Version 16
VisualStudioVersion = 16.0.30804.86
MinimumVisualStudioVersion = 10.0.40219.1
Project("{FAE04EC0-301F-11D3-BF4B-00C04F79EFBC}") = "Integrated_model_cut_generation", "Integrated_model_cut_generation\Integrated_model_cut_generation.csproj", "{F413874B-0740-47CC-8820-47F969757B4A}"
EndProject
Global
	GlobalSection(SolutionConfigurationPlatforms) = preSolution
		Debug|Any CPU = Debug|Any CPU
		Release|Any CPU = Release|Any CPU
	EndGlobalSection
	GlobalSection(ProjectConfigurationPlatforms) = postSolution
		{F413874B-0740-47CC-8820-47F969757B4A}.Debug|Any CPU.ActiveCfg = Debug|Any CPU
		{F413874B-0740-47CC-8820-47F969757B4A}.Debug|Any CPU.Build.0 = Debug|Any CPU
		{F413874B-0740-47CC-8820-47F969757B4A}.Release|Any CPU.ActiveCfg = Release|Any CPU
		{F413874B-0740-47CC-8820-47F969757B4A}.Release|Any CPU.Build.0 = Release|Any CPU
	EndGlobalSection
	GlobalSection(SolutionProperties) = preSolution
		HideSolutionNode = FALSE
	EndGlobalSection
	GlobalSection(ExtensibilityGlobals) = postSolution
		SolutionGuid = {8BBBE3DC-F040-49EC-9C12-3E74DB698A09}
	EndGlobalSection
EndGlobal
